github.com/grinps/go-utils/base-utils/logs v0.3.0 h1:Rs37GTDXQscWhGHDqmOqLinNhW4sBxFZFnA82FZw6Vk=
github.com/grinps/go-utils/base-utils/logs v0.3.0/go.mod h1:1v/ZGqjBUQtWGx7UeRhnZ5ZP/xVxMx/ngVtTm7GjPSE=
github.com/grinps/go-utils/errext v0.4.0 h1:u7EggpWY6fzmjjVBtQELo+OXhjNSdMXikaWeSmoKbGQ=
github.com/grinps/go-utils/errext v0.4.0/go.mod h1:wmPht+TF7Q1HsmQkWIYP9hHNGM+kBQGrUEtSlrR45Bg=
