github.com/grinps/go-utils/errext v0.8.0 h1:eIAeIEfRGsaIkvk81AEbGQJi24h4OT2oEKrmj3+Fbrk=
github.com/grinps/go-utils/errext v0.8.0/go.mod h1:KV2N2bgaiwhzRw3ICNetCGYr7gZuhUEEg/27+mMzOFk=
github.com/grinps/go-utils/telemetry v0.2.0 h1:meNlVg6Jq5/6HsVq/1q1A3rjXyORFgaBQsSd9YkdRyM=
github.com/grinps/go-utils/telemetry v0.2.0/go.mod h1:jFbYibTRUWVoauOiE3khnKs6mBoX5/DbZHKoDPE3n7w=
